
Microsoft Visual Studio Solution File, Format Version 12.00
# Visual Studio Version 17
VisualStudioVersion = 17.2.32526.322
MinimumVisualStudioVersion = 10.0.40219.1
Project("{FAE04EC0-301F-11D3-BF4B-00C04F79EFBC}") = "Sock-merchant", "Sock-merchant\Sock-merchant.csproj", "{A8D9060B-5AB7-46CF-9262-F42C9F4DFA6E}"
EndProject
Global
	GlobalSection(SolutionConfigurationPlatforms) = preSolution
		Debug|Any CPU = Debug|Any CPU
		Release|Any CPU = Release|Any CPU
	EndGlobalSection
	GlobalSection(ProjectConfigurationPlatforms) = postSolution
		{A8D9060B-5AB7-46CF-9262-F42C9F4DFA6E}.Debug|Any CPU.ActiveCfg = Debug|Any CPU
		{A8D9060B-5AB7-46CF-9262-F42C9F4DFA6E}.Debug|Any CPU.Build.0 = Debug|Any CPU
		{A8D9060B-5AB7-46CF-9262-F42C9F4DFA6E}.Release|Any CPU.ActiveCfg = Release|Any CPU
		{A8D9060B-5AB7-46CF-9262-F42C9F4DFA6E}.Release|Any CPU.Build.0 = Release|Any CPU
	EndGlobalSection
	GlobalSection(SolutionProperties) = preSolution
		HideSolutionNode = FALSE
	EndGlobalSection
	GlobalSection(ExtensibilityGlobals) = postSolution
		SolutionGuid = {A1EDFD0A-CEC9-4184-BA43-67E9A03420E5}
	EndGlobalSection
EndGlobal
