
Microsoft Visual Studio Solution File, Format Version 12.00
# Visual Studio Version 17
VisualStudioVersion = 17.2.32526.322
MinimumVisualStudioVersion = 10.0.40219.1
Project("{FAE04EC0-301F-11D3-BF4B-00C04F79EFBC}") = "Two Strings", "Two Strings\Two Strings.csproj", "{7CA9F3A6-1F2C-470F-B48A-E54A3B81C959}"
EndProject
Global
	GlobalSection(SolutionConfigurationPlatforms) = preSolution
		Debug|Any CPU = Debug|Any CPU
		Release|Any CPU = Release|Any CPU
	EndGlobalSection
	GlobalSection(ProjectConfigurationPlatforms) = postSolution
		{7CA9F3A6-1F2C-470F-B48A-E54A3B81C959}.Debug|Any CPU.ActiveCfg = Debug|Any CPU
		{7CA9F3A6-1F2C-470F-B48A-E54A3B81C959}.Debug|Any CPU.Build.0 = Debug|Any CPU
		{7CA9F3A6-1F2C-470F-B48A-E54A3B81C959}.Release|Any CPU.ActiveCfg = Release|Any CPU
		{7CA9F3A6-1F2C-470F-B48A-E54A3B81C959}.Release|Any CPU.Build.0 = Release|Any CPU
	EndGlobalSection
	GlobalSection(SolutionProperties) = preSolution
		HideSolutionNode = FALSE
	EndGlobalSection
	GlobalSection(ExtensibilityGlobals) = postSolution
		SolutionGuid = {B5B7736B-B3E3-46A9-A24E-B6F79399004A}
	EndGlobalSection
EndGlobal
